
Microsoft Visual Studio Solution File, Format Version 12.00
# Visual Studio Version 17
VisualStudioVersion = 17.11.35222.181
MinimumVisualStudioVersion = 10.0.40219.1
Project("{FAE04EC0-301F-11D3-BF4B-00C04F79EFBC}") = "Client", "Client\Client.csproj", "{C7082265-BB57-4E4C-B132-EC9CAD67B711}"
EndProject
Project("{FAE04EC0-301F-11D3-BF4B-00C04F79EFBC}") = "Server", "Server\Server.csproj", "{2EA5B3C0-3FC9-49D0-877B-9CB54116139A}"
EndProject
Project("{FAE04EC0-301F-11D3-BF4B-00C04F79EFBC}") = "BaseLibrary", "BaseLibrary\BaseLibrary.csproj", "{4D20DF2E-CDF8-4040-8A97-FC0693155EA8}"
EndProject
Project("{FAE04EC0-301F-11D3-BF4B-00C04F79EFBC}") = "ClientLibrary", "ClientLibrary\ClientLibrary.csproj", "{B622CDBB-7A38-4277-A1A7-5805162AEF81}"
EndProject
Project("{FAE04EC0-301F-11D3-BF4B-00C04F79EFBC}") = "ServerLibrary", "ServerLibrary\ServerLibrary.csproj", "{13F296B8-5B97-463A-920A-390221BE21D7}"
EndProject
Global
	GlobalSection(SolutionConfigurationPlatforms) = preSolution
		Debug|Any CPU = Debug|Any CPU
		Release|Any CPU = Release|Any CPU
	EndGlobalSection
	GlobalSection(ProjectConfigurationPlatforms) = postSolution
		{C7082265-BB57-4E4C-B132-EC9CAD67B711}.Debug|Any CPU.ActiveCfg = Debug|Any CPU
		{C7082265-BB57-4E4C-B132-EC9CAD67B711}.Debug|Any CPU.Build.0 = Debug|Any CPU
		{C7082265-BB57-4E4C-B132-EC9CAD67B711}.Release|Any CPU.ActiveCfg = Release|Any CPU
		{C7082265-BB57-4E4C-B132-EC9CAD67B711}.Release|Any CPU.Build.0 = Release|Any CPU
		{2EA5B3C0-3FC9-49D0-877B-9CB54116139A}.Debug|Any CPU.ActiveCfg = Debug|Any CPU
		{2EA5B3C0-3FC9-49D0-877B-9CB54116139A}.Debug|Any CPU.Build.0 = Debug|Any CPU
		{2EA5B3C0-3FC9-49D0-877B-9CB54116139A}.Release|Any CPU.ActiveCfg = Release|Any CPU
		{2EA5B3C0-3FC9-49D0-877B-9CB54116139A}.Release|Any CPU.Build.0 = Release|Any CPU
		{4D20DF2E-CDF8-4040-8A97-FC0693155EA8}.Debug|Any CPU.ActiveCfg = Debug|Any CPU
		{4D20DF2E-CDF8-4040-8A97-FC0693155EA8}.Debug|Any CPU.Build.0 = Debug|Any CPU
		{4D20DF2E-CDF8-4040-8A97-FC0693155EA8}.Release|Any CPU.ActiveCfg = Release|Any CPU
		{4D20DF2E-CDF8-4040-8A97-FC0693155EA8}.Release|Any CPU.Build.0 = Release|Any CPU
		{B622CDBB-7A38-4277-A1A7-5805162AEF81}.Debug|Any CPU.ActiveCfg = Debug|Any CPU
		{B622CDBB-7A38-4277-A1A7-5805162AEF81}.Debug|Any CPU.Build.0 = Debug|Any CPU
		{B622CDBB-7A38-4277-A1A7-5805162AEF81}.Release|Any CPU.ActiveCfg = Release|Any CPU
		{B622CDBB-7A38-4277-A1A7-5805162AEF81}.Release|Any CPU.Build.0 = Release|Any CPU
		{13F296B8-5B97-463A-920A-390221BE21D7}.Debug|Any CPU.ActiveCfg = Debug|Any CPU
		{13F296B8-5B97-463A-920A-390221BE21D7}.Debug|Any CPU.Build.0 = Debug|Any CPU
		{13F296B8-5B97-463A-920A-390221BE21D7}.Release|Any CPU.ActiveCfg = Release|Any CPU
		{13F296B8-5B97-463A-920A-390221BE21D7}.Release|Any CPU.Build.0 = Release|Any CPU
	EndGlobalSection
	GlobalSection(SolutionProperties) = preSolution
		HideSolutionNode = FALSE
	EndGlobalSection
	GlobalSection(ExtensibilityGlobals) = postSolution
		SolutionGuid = {8D5462E0-8FF2-46D8-941B-590D8F146E25}
	EndGlobalSection
EndGlobal
